<?xml version="1.0" encoding="utf-8"?>
<Project ToolsVersion="4.0" xmlns="http://schemas.microsoft.com/developer/msbuild/2003">
  <ItemGroup>
    <Filter Include="Quelldateien">
      <UniqueIdentifier>{4FC737F1-C7A5-4376-A066-2A32D752A2FF}</UniqueIdentifier>
      <Extensions>cpp;c;cc;cxx;def;odl;idl;hpj;bat;asm;asmx</Extensions>
    </Filter>
    <Filter Include="Headerdateien">
      <UniqueIdentifier>{93995380-89BD-4b04-88EB-625FBE52EBFB}</UniqueIdentifier>
      <Extensions>h;hpp;hxx;hm;inl;inc;xsd</Extensions>
    </Filter>
    <Filter Include="Ressourcendateien">
      <UniqueIdentifier>{67DA6AB6-F800-4c08-8B7A-83BB121AAD01}</UniqueIdentifier>
      <Extensions>rc;ico;cur;bmp;dlg;rc2;rct;bin;rgs;gif;jpg;jpeg;jpe;resx;tiff;tif;png;wav;mfcribbon-ms</Extensions>
    </Filter>
  </ItemGroup>
  <ItemGroup>
    <ClCompile Include="CTOOLS\Strgclas.cpp">
      <Filter>Quelldateien</Filter>
    </ClCompile>
    <ClCompile Include="CTOOLS\string.c">
      <Filter>Quelldateien</Filter>
    </ClCompile>
    <ClCompile Include="CTOOLS\t_string.cpp">
      <Filter>Quelldateien</Filter>
    </ClCompile>
    <ClCompile Include="CTOOLS\thread.cpp">
      <Filter>Quelldateien</Filter>
    </ClCompile>
    <ClCompile Include="CTOOLS\list.cpp">
      <Filter>Quelldateien</Filter>
    </ClCompile>
    <ClCompile Include="CTOOLS\directory.cpp">
      <Filter>Quelldateien</Filter>
    </ClCompile>
    <ClCompile Include="CTOOLS\dirlist.cpp">
      <Filter>Quelldateien</Filter>
    </ClCompile>
    <ClCompile Include="CTOOLS\date.cpp">
      <Filter>Quelldateien</Filter>
    </ClCompile>
    <ClCompile Include="CTOOLS\datetime.cpp">
      <Filter>Quelldateien</Filter>
    </ClCompile>
    <ClCompile Include="CTOOLS\xml.cpp">
      <Filter>Quelldateien</Filter>
    </ClCompile>
    <ClCompile Include="CTOOLS\acls.cpp">
      <Filter>Quelldateien</Filter>
    </ClCompile>
    <ClCompile Include="CTOOLS\exif.cpp">
      <Filter>Quelldateien</Filter>
    </ClCompile>
    <ClCompile Include="CTOOLS\wideString.cpp">
      <Filter>Quelldateien</Filter>
    </ClCompile>
    <ClCompile Include="CTOOLS\strFiles.cpp">
      <Filter>Quelldateien</Filter>
    </ClCompile>
    <ClCompile Include="CTOOLS\md5.c">
      <Filter>Quelldateien</Filter>
    </ClCompile>
    <ClCompile Include="CTOOLS\strcmpi.c">
      <Filter>Quelldateien</Filter>
    </ClCompile>
    <ClCompile Include="CTOOLS\locker.cpp">
      <Filter>Quelldateien</Filter>
    </ClCompile>
    <ClCompile Include="CTOOLS\css.cpp">
      <Filter>Quelldateien</Filter>
    </ClCompile>
    <ClCompile Include="CTOOLS\tokens.c">
      <Filter>Quelldateien</Filter>
    </ClCompile>
    <ClCompile Include="CTOOLS\int2mot.c">
      <Filter>Quelldateien</Filter>
    </ClCompile>
    <ClCompile Include="CTOOLS\randomNumber.c">
      <Filter>Quelldateien</Filter>
    </ClCompile>
    <ClCompile Include="CTOOLS\http.cpp">
      <Filter>Quelldateien</Filter>
    </ClCompile>
    <ClCompile Include="CTOOLS\array.cpp">
      <Filter>Quelldateien</Filter>
    </ClCompile>
    <ClCompile Include="CTOOLS\socketbuf.cpp">
      <Filter>Quelldateien</Filter>
    </ClCompile>
    <ClCompile Include="CTOOLS\html.cpp">
      <Filter>Quelldateien</Filter>
    </ClCompile>
    <ClCompile Include="CTOOLS\xslt.cpp">
      <Filter>Quelldateien</Filter>
    </ClCompile>
    <ClCompile Include="CTOOLS\XPath.cpp">
      <Filter>Quelldateien</Filter>
    </ClCompile>
    <ClCompile Include="CTOOLS\SLIST.cpp">
      <Filter>Quelldateien</Filter>
    </ClCompile>
    <ClCompile Include="CTOOLS\soap.cpp">
      <Filter>Quelldateien</Filter>
    </ClCompile>
    <ClCompile Include="CTOOLS\crypto.cpp">
      <Filter>Quelldateien</Filter>
    </ClCompile>
    <ClCompile Include="CTOOLS\cryptoAES.cpp">
      <Filter>Quelldateien</Filter>
    </ClCompile>
    <ClCompile Include="CTOOLS\cryptoRSA.cpp">
      <Filter>Quelldateien</Filter>
    </ClCompile>
    <ClCompile Include="CTOOLS\cryptoShared.cpp">
      <Filter>Quelldateien</Filter>
    </ClCompile>
    <ClCompile Include="CTOOLS\logfile.cpp">
      <Filter>Quelldateien</Filter>
    </ClCompile>
    <ClCompile Include="CTOOLS\csv.cpp">
      <Filter>Quelldateien</Filter>
    </ClCompile>
    <ClCompile Include="CTOOLS\openssl.c">
      <Filter>Quelldateien</Filter>
    </ClCompile>
    <ClCompile Include="CTOOLS\getcwd.cpp">
      <Filter>Quelldateien</Filter>
    </ClCompile>
    <ClCompile Include="CTOOLS\dirLink.cpp">
      <Filter>Quelldateien</Filter>
    </ClCompile>
    <ClCompile Include="CTOOLS\fLink.cpp">
      <Filter>Quelldateien</Filter>
    </ClCompile>
    <ClCompile Include="CTOOLS\diff.cpp">
      <Filter>Quelldateien</Filter>
    </ClCompile>
    <ClCompile Include="CTOOLS\time.cpp">
      <Filter>Quelldateien</Filter>
    </ClCompile>
    <ClCompile Include="CTOOLS\cgitools.cpp">
      <Filter>Quelldateien</Filter>
    </ClCompile>
    <ClCompile Include="CTOOLS\fieldSet.cpp">
      <Filter>Quelldateien</Filter>
    </ClCompile>
    <ClCompile Include="CTOOLS\htmlParser.cpp">
      <Filter>Quelldateien</Filter>
    </ClCompile>
    <ClCompile Include="CTOOLS\httpBaseServer.cpp">
      <Filter>Quelldateien</Filter>
    </ClCompile>
    <ClCompile Include="CTOOLS\httpProfiler.cpp">
      <Filter>Quelldateien</Filter>
    </ClCompile>
    <ClCompile Include="CTOOLS\httpResponse.cpp">
      <Filter>Quelldateien</Filter>
    </ClCompile>
    <ClCompile Include="CTOOLS\sslSocket.cpp">
      <Filter>Quelldateien</Filter>
    </ClCompile>
    <ClCompile Include="CTOOLS\textReader.cpp">
      <Filter>Quelldateien</Filter>
    </ClCompile>
    <ClCompile Include="CTOOLS\wsdlImporter.cpp">
      <Filter>Quelldateien</Filter>
    </ClCompile>
    <ClCompile Include="CTOOLS\xmlValidator.cpp">
      <Filter>Quelldateien</Filter>
    </ClCompile>
    <ClCompile Include="CTOOLS\xmlParser.cpp">
      <Filter>Quelldateien</Filter>
    </ClCompile>
    <ClCompile Include="CTOOLS\xmlEntities.cpp">
      <Filter>Quelldateien</Filter>
    </ClCompile>
    <ClCompile Include="CTOOLS\mathExpression.cpp">
      <Filter>Quelldateien</Filter>
    </ClCompile>
    <ClCompile Include="CTOOLS\dirCopy.cpp">
      <Filter>Quelldateien</Filter>
    </ClCompile>
    <ClCompile Include="CTOOLS\access.cpp">
      <Filter>Quelldateien</Filter>
    </ClCompile>
    <ClCompile Include="CTOOLS\relpath.cpp">
      <Filter>Quelldateien</Filter>
    </ClCompile>
    <ClCompile Include="CTOOLS\filename.cpp">
      <Filter>Quelldateien</Filter>
    </ClCompile>
    <ClCompile Include="CTOOLS\makePath.cpp">
      <Filter>Quelldateien</Filter>
    </ClCompile>
    <ClCompile Include="CTOOLS\setcwd.cpp">
      <Filter>Quelldateien</Filter>
    </ClCompile>
    <ClCompile Include="CTOOLS\io.cpp">
      <Filter>Quelldateien</Filter>
    </ClCompile>
    <ClCompile Include="CTOOLS\rfile.cpp">
      <Filter>Quelldateien</Filter>
    </ClCompile>
    <ClCompile Include="CTOOLS\gps.cpp">
      <Filter>Quelldateien</Filter>
    </ClCompile>
    <ClCompile Include="CTOOLS\utime.cpp">
      <Filter>Quelldateien</Filter>
    </ClCompile>
    <ClCompile Include="CTOOLS\fileID.cpp">
      <Filter>Quelldateien</Filter>
    </ClCompile>
    <ClCompile Include="CTOOLS\exception.cpp">
      <Filter>Quelldateien</Filter>
    </ClCompile>
    <ClCompile Include="CTOOLS\cppParser.cpp">
      <Filter>Quelldateien</Filter>
    </ClCompile>
    <ClCompile Include="CTOOLS\progParser.cpp">
      <Filter>Quelldateien</Filter>
    </ClCompile>
    <ClCompile Include="CTOOLS\cppPreprocessor.cpp">
      <Filter>Quelldateien</Filter>
    </ClCompile>
    <ClCompile Include="CTOOLS\fraction.cpp">
      <Filter>Quelldateien</Filter>
    </ClCompile>
    <ClCompile Include="CTOOLS\prime.cpp">
      <Filter>Quelldateien</Filter>
    </ClCompile>
    <ClCompile Include="CTOOLS\fProtect.cpp">
      <Filter>Quelldateien</Filter>
    </ClCompile>
    <ClCompile Include="CTOOLS\directoryEntry.cpp">
      <Filter>Quelldateien</Filter>
    </ClCompile>
    <ClCompile Include="CTOOLS\cmdlineParser.cpp">
      <Filter>Quelldateien</Filter>
    </ClCompile>
    <ClCompile Include="CTOOLS\hash.cpp">
      <Filter>Quelldateien</Filter>
    </ClCompile>
    <ClCompile Include="CTOOLS\sha.cpp">
      <Filter>Quelldateien</Filter>
    </ClCompile>
    <ClCompile Include="CTOOLS\xmlCss.cpp">
      <Filter>Quelldateien</Filter>
    </ClCompile>
    <ClCompile Include="CTOOLS\dynamic.cpp">
      <Filter>Quelldateien</Filter>
    </ClCompile>
    <ClCompile Include="CTOOLS\waveFile.cpp">
      <Filter>Quelldateien</Filter>
    </ClCompile>
    <ClCompile Include="CTOOLS\quantities.cpp">
      <Filter>Quelldateien</Filter>
    </ClCompile>
    <ClCompile Include="CTOOLS\fmtNumber.cpp">
      <Filter>Quelldateien</Filter>
    </ClCompile>
    <ClCompile Include="CTOOLS\wideChar.cpp">
      <Filter>Quelldateien</Filter>
    </ClCompile>
    <ClCompile Include="CTOOLS\freadSTR.cpp">
      <Filter>Quelldateien</Filter>
    </ClCompile>
    <ClCompile Include="CTOOLS\ansiChar.cpp">
      <Filter>Quelldateien</Filter>
    </ClCompile>
    <ClCompile Include="CTOOLS\changeManager.cpp">
      <Filter>Quelldateien</Filter>
    </ClCompile>
    <ClCompile Include="CTOOLS\unitTest.cpp">
      <Filter>Quelldateien</Filter>
    </ClCompile>
    <ClCompile Include="CTOOLS\fstream.cpp">
      <Filter>Quelldateien</Filter>
    </ClCompile>
    <ClCompile Include="CTOOLS\INIFILE.cpp">
      <Filter>Quelldateien</Filter>
    </ClCompile>
    <ClCompile Include="CTOOLS\mboxParser.cpp">
      <Filter>Quelldateien</Filter>
    </ClCompile>
    <ClCompile Include="CTOOLS\hostResolver.cpp">
      <Filter>Quelldateien</Filter>
    </ClCompile>
    <ClCompile Include="CTOOLS\console.cpp">
      <Filter>Quelldateien</Filter>
    </ClCompile>
  </ItemGroup>
  <ItemGroup>
    <ClInclude Include="INCLUDE\gak\aes.h">
      <Filter>Headerdateien</Filter>
    </ClInclude>
    <ClInclude Include="INCLUDE\gak\array.h">
      <Filter>Headerdateien</Filter>
    </ClInclude>
    <ClInclude Include="INCLUDE\gak\BC_OBSOL.H">
      <Filter>Headerdateien</Filter>
    </ClInclude>
    <ClInclude Include="INCLUDE\gak\bitfield.h">
      <Filter>Headerdateien</Filter>
    </ClInclude>
    <ClInclude Include="INCLUDE\gak\cgitools.h">
      <Filter>Headerdateien</Filter>
    </ClInclude>
    <ClInclude Include="INCLUDE\gak\ChangeManager.h">
      <Filter>Headerdateien</Filter>
    </ClInclude>
    <ClInclude Include="INCLUDE\gak\ci_string.h">
      <Filter>Headerdateien</Filter>
    </ClInclude>
    <ClInclude Include="INCLUDE\gak\container.h">
      <Filter>Headerdateien</Filter>
    </ClInclude>
    <ClInclude Include="INCLUDE\gak\crypto.h">
      <Filter>Headerdateien</Filter>
    </ClInclude>
    <ClInclude Include="INCLUDE\gak\cryptoShared.h">
      <Filter>Headerdateien</Filter>
    </ClInclude>
    <ClInclude Include="INCLUDE\gak\css.h">
      <Filter>Headerdateien</Filter>
    </ClInclude>
    <ClInclude Include="INCLUDE\gak\csv.h">
      <Filter>Headerdateien</Filter>
    </ClInclude>
    <ClInclude Include="INCLUDE\gak\date.h">
      <Filter>Headerdateien</Filter>
    </ClInclude>
    <ClInclude Include="INCLUDE\gak\datetime.h">
      <Filter>Headerdateien</Filter>
    </ClInclude>
    <ClInclude Include="INCLUDE\gak\directory.h">
      <Filter>Headerdateien</Filter>
    </ClInclude>
    <ClInclude Include="INCLUDE\gak\directoryEntry.h">
      <Filter>Headerdateien</Filter>
    </ClInclude>
    <ClInclude Include="INCLUDE\gak\exif.h">
      <Filter>Headerdateien</Filter>
    </ClInclude>
    <ClInclude Include="INCLUDE\gak\gaklib.h">
      <Filter>Headerdateien</Filter>
    </ClInclude>
    <ClInclude Include="INCLUDE\gak\html.h">
      <Filter>Headerdateien</Filter>
    </ClInclude>
    <ClInclude Include="INCLUDE\gak\http.h">
      <Filter>Headerdateien</Filter>
    </ClInclude>
    <ClInclude Include="INCLUDE\gak\iostream.h">
      <Filter>Headerdateien</Filter>
    </ClInclude>
    <ClInclude Include="INCLUDE\gak\KeyValuePair.h">
      <Filter>Headerdateien</Filter>
    </ClInclude>
    <ClInclude Include="INCLUDE\gak\list.h">
      <Filter>Headerdateien</Filter>
    </ClInclude>
    <ClInclude Include="INCLUDE\gak\locker.h">
      <Filter>Headerdateien</Filter>
    </ClInclude>
    <ClInclude Include="INCLUDE\gak\md5.h">
      <Filter>Headerdateien</Filter>
    </ClInclude>
    <ClInclude Include="INCLUDE\gak\operators.h">
      <Filter>Headerdateien</Filter>
    </ClInclude>
    <ClInclude Include="INCLUDE\gak\queue.h">
      <Filter>Headerdateien</Filter>
    </ClInclude>
    <ClInclude Include="INCLUDE\gak\rsa.h">
      <Filter>Headerdateien</Filter>
    </ClInclude>
    <ClInclude Include="INCLUDE\gak\SLIST.H">
      <Filter>Headerdateien</Filter>
    </ClInclude>
    <ClInclude Include="INCLUDE\gak\soap.h">
      <Filter>Headerdateien</Filter>
    </ClInclude>
    <ClInclude Include="INCLUDE\gak\socketbuf.h">
      <Filter>Headerdateien</Filter>
    </ClInclude>
    <ClInclude Include="INCLUDE\gak\stack.h">
      <Filter>Headerdateien</Filter>
    </ClInclude>
    <ClInclude Include="INCLUDE\gak\strFiles.h">
      <Filter>Headerdateien</Filter>
    </ClInclude>
    <ClInclude Include="INCLUDE\gak\string.h">
      <Filter>Headerdateien</Filter>
    </ClInclude>
    <ClInclude Include="INCLUDE\gak\t_string.h">
      <Filter>Headerdateien</Filter>
    </ClInclude>
    <ClInclude Include="INCLUDE\gak\thread.h">
      <Filter>Headerdateien</Filter>
    </ClInclude>
    <ClInclude Include="INCLUDE\gak\time.h">
      <Filter>Headerdateien</Filter>
    </ClInclude>
    <ClInclude Include="INCLUDE\gak\types.h">
      <Filter>Headerdateien</Filter>
    </ClInclude>
    <ClInclude Include="INCLUDE\gak\vcl_tools.h">
      <Filter>Headerdateien</Filter>
    </ClInclude>
    <ClInclude Include="INCLUDE\gak\wideChar.h">
      <Filter>Headerdateien</Filter>
    </ClInclude>
    <ClInclude Include="INCLUDE\gak\wideString.h">
      <Filter>Headerdateien</Filter>
    </ClInclude>
    <ClInclude Include="INCLUDE\gak\xml.h">
      <Filter>Headerdateien</Filter>
    </ClInclude>
    <ClInclude Include="INCLUDE\gak\XPath.h">
      <Filter>Headerdateien</Filter>
    </ClInclude>
    <ClInclude Include="INCLUDE\gak\xslt.h">
      <Filter>Headerdateien</Filter>
    </ClInclude>
    <ClInclude Include="INCLUDE\gak\fieldSet.h">
      <Filter>Headerdateien</Filter>
    </ClInclude>
    <ClInclude Include="INCLUDE\gak\htmlParser.h">
      <Filter>Headerdateien</Filter>
    </ClInclude>
    <ClInclude Include="INCLUDE\gak\httpResponse.h">
      <Filter>Headerdateien</Filter>
    </ClInclude>
    <ClInclude Include="INCLUDE\gak\httpBaseServer.h">
      <Filter>Headerdateien</Filter>
    </ClInclude>
    <ClInclude Include="INCLUDE\gak\httpProfiler.h">
      <Filter>Headerdateien</Filter>
    </ClInclude>
    <ClInclude Include="INCLUDE\gak\ptrMapArray.h">
      <Filter>Headerdateien</Filter>
    </ClInclude>
    <ClInclude Include="INCLUDE\gak\socketServer.h">
      <Filter>Headerdateien</Filter>
    </ClInclude>
    <ClInclude Include="INCLUDE\gak\sortedArray.h">
      <Filter>Headerdateien</Filter>
    </ClInclude>
    <ClInclude Include="INCLUDE\gak\sslSocket.h">
      <Filter>Headerdateien</Filter>
    </ClInclude>
    <ClInclude Include="INCLUDE\gak\xmlValidator.h">
      <Filter>Headerdateien</Filter>
    </ClInclude>
    <ClInclude Include="INCLUDE\gak\textReader.h">
      <Filter>Headerdateien</Filter>
    </ClInclude>
    <ClInclude Include="INCLUDE\gak\wsdlImporter.h">
      <Filter>Headerdateien</Filter>
    </ClInclude>
    <ClInclude Include="INCLUDE\gak\xmlParser.h">
      <Filter>Headerdateien</Filter>
    </ClInclude>
    <ClInclude Include="INCLUDE\gak\map.h">
      <Filter>Headerdateien</Filter>
    </ClInclude>
    <ClInclude Include="INCLUDE\gak\expressionEvaluator.h">
      <Filter>Headerdateien</Filter>
    </ClInclude>
    <ClInclude Include="INCLUDE\gak\io.h">
      <Filter>Headerdateien</Filter>
    </ClInclude>
    <ClInclude Include="INCLUDE\gak\acls.h">
      <Filter>Headerdateien</Filter>
    </ClInclude>
    <ClInclude Include="INCLUDE\gak\win_tools.h">
      <Filter>Headerdateien</Filter>
    </ClInclude>
    <ClInclude Include="INCLUDE\gak\utils.h">
      <Filter>Headerdateien</Filter>
    </ClInclude>
    <ClInclude Include="INCLUDE\gak\ringBuffer.h">
      <Filter>Headerdateien</Filter>
    </ClInclude>
    <ClInclude Include="INCLUDE\gak\matrix.h">
      <Filter>Headerdateien</Filter>
    </ClInclude>
    <ClInclude Include="INCLUDE\gak\compare.h">
      <Filter>Headerdateien</Filter>
    </ClInclude>
    <ClInclude Include="INCLUDE\gak\memoryStream.h">
      <Filter>Headerdateien</Filter>
    </ClInclude>
    <ClInclude Include="INCLUDE\gak\fileID.h">
      <Filter>Headerdateien</Filter>
    </ClInclude>
    <ClInclude Include="INCLUDE\gak\exception.h">
      <Filter>Headerdateien</Filter>
    </ClInclude>
    <ClInclude Include="INCLUDE\gak\stdlib.h">
      <Filter>Headerdateien</Filter>
    </ClInclude>
    <ClInclude Include="INCLUDE\gak\conditional.h">
      <Filter>Headerdateien</Filter>
    </ClInclude>
    <ClInclude Include="INCLUDE\gak\gps.h">
      <Filter>Headerdateien</Filter>
    </ClInclude>
    <ClInclude Include="INCLUDE\gak\pipeline.h">
      <Filter>Headerdateien</Filter>
    </ClInclude>
    <ClInclude Include="INCLUDE\gak\blockedRingBuffer.h">
      <Filter>Headerdateien</Filter>
    </ClInclude>
    <ClInclude Include="INCLUDE\gak\streamRingBuffer.h">
      <Filter>Headerdateien</Filter>
    </ClInclude>
    <ClInclude Include="INCLUDE\gak\cppParser.h">
      <Filter>Headerdateien</Filter>
    </ClInclude>
    <ClInclude Include="INCLUDE\gak\progParser.h">
      <Filter>Headerdateien</Filter>
    </ClInclude>
    <ClInclude Include="INCLUDE\gak\cppPreprocessor.h">
      <Filter>Headerdateien</Filter>
    </ClInclude>
    <ClInclude Include="INCLUDE\gak\nullStream.h">
      <Filter>Headerdateien</Filter>
    </ClInclude>
    <ClInclude Include="INCLUDE\gak\numericString.h">
      <Filter>Headerdateien</Filter>
    </ClInclude>
    <ClInclude Include="INCLUDE\gak\cmdlineParser.h">
      <Filter>Headerdateien</Filter>
    </ClInclude>
    <ClInclude Include="INCLUDE\gak\hash.h">
      <Filter>Headerdateien</Filter>
    </ClInclude>
    <ClInclude Include="INCLUDE\gak\fixedArray.h">
      <Filter>Headerdateien</Filter>
    </ClInclude>
    <ClInclude Include="INCLUDE\gak\type_traits.h">
      <Filter>Headerdateien</Filter>
    </ClInclude>
    <ClInclude Include="INCLUDE\gak\arrayBase.h">
      <Filter>Headerdateien</Filter>
    </ClInclude>
    <ClInclude Include="INCLUDE\gak\set.h">
      <Filter>Headerdateien</Filter>
    </ClInclude>
    <ClInclude Include="INCLUDE\gak\dynamic.h">
      <Filter>Headerdateien</Filter>
    </ClInclude>
    <ClInclude Include="INCLUDE\gak\wavefile.h">
      <Filter>Headerdateien</Filter>
    </ClInclude>
    <ClInclude Include="INCLUDE\gak\threadPool.h">
      <Filter>Headerdateien</Filter>
    </ClInclude>
    <ClInclude Include="INCLUDE\gak\lockQueue.h">
      <Filter>Headerdateien</Filter>
    </ClInclude>
    <ClInclude Include="INCLUDE\gak\blockedQueue.h">
      <Filter>Headerdateien</Filter>
    </ClInclude>
    <ClInclude Include="INCLUDE\gak\fixedHeapArray.h">
      <Filter>Headerdateien</Filter>
    </ClInclude>
    <ClInclude Include="INCLUDE\gak\btree.h">
      <Filter>Headerdateien</Filter>
    </ClInclude>
    <ClInclude Include="INCLUDE\gak\logfile.h">
      <Filter>Headerdateien</Filter>
    </ClInclude>
    <ClInclude Include="INCLUDE\gak\graph.h">
      <Filter>Headerdateien</Filter>
    </ClInclude>
    <ClInclude Include="INCLUDE\gak\optional.h">
      <Filter>Headerdateien</Filter>
    </ClInclude>
    <ClInclude Include="INCLUDE\gak\priorityQueue.h">
      <Filter>Headerdateien</Filter>
    </ClInclude>
    <ClInclude Include="INCLUDE\gak\stopWatch.h">
      <Filter>Headerdateien</Filter>
    </ClInclude>
    <ClInclude Include="INCLUDE\gak\streams.h">
      <Filter>Headerdateien</Filter>
    </ClInclude>
    <ClInclude Include="INCLUDE\gak\shared.h">
      <Filter>Headerdateien</Filter>
    </ClInclude>
    <ClInclude Include="INCLUDE\gak\quantities.h">
      <Filter>Headerdateien</Filter>
    </ClInclude>
    <ClInclude Include="INCLUDE\gak\math.h">
      <Filter>Headerdateien</Filter>
    </ClInclude>
    <ClInclude Include="INCLUDE\gak\fmtNumber.h">
      <Filter>Headerdateien</Filter>
    </ClInclude>
    <ClInclude Include="INCLUDE\gak\ansiChar.h">
      <Filter>Headerdateien</Filter>
    </ClInclude>
    <ClInclude Include="INCLUDE\gak\indexer.h">
      <Filter>Headerdateien</Filter>
    </ClInclude>
    <ClInclude Include="INCLUDE\gak\stringStream.h">
      <Filter>Headerdateien</Filter>
    </ClInclude>
    <ClInclude Include="INCLUDE\gak\unitTest.h">
      <Filter>Headerdateien</Filter>
    </ClInclude>
    <ClInclude Include="INCLUDE\gak\fcopy.h">
      <Filter>Headerdateien</Filter>
    </ClInclude>
    <ClInclude Include="INCLUDE\gak\fstream.h">
      <Filter>Headerdateien</Filter>
    </ClInclude>
    <ClInclude Include="INCLUDE\gak\geometry.h">
      <Filter>Headerdateien</Filter>
    </ClInclude>
    <ClInclude Include="INCLUDE\gak\geoGraph.h">
      <Filter>Headerdateien</Filter>
    </ClInclude>
    <ClInclude Include="INCLUDE\gak\osm.h">
      <Filter>Headerdateien</Filter>
    </ClInclude>
    <ClInclude Include="INCLUDE\gak\routing.h">
      <Filter>Headerdateien</Filter>
    </ClInclude>
    <ClInclude Include="INCLUDE\gak\arrayFile.h">
      <Filter>Headerdateien</Filter>
    </ClInclude>
    <ClInclude Include="INCLUDE\gak\dirScanner.h">
      <Filter>Headerdateien</Filter>
    </ClInclude>
    <ClInclude Include="INCLUDE\gak\mboxParser.h">
      <Filter>Headerdateien</Filter>
    </ClInclude>
    <ClInclude Include="INCLUDE\gak\eta.h">
      <Filter>Headerdateien</Filter>
    </ClInclude>
    <ClInclude Include="INCLUDE\gak\hostResolver.h">
      <Filter>Headerdateien</Filter>
    </ClInclude>
    <ClInclude Include="INCLUDE\gak\mailParser.h">
      <Filter>Headerdateien</Filter>
    </ClInclude>
  </ItemGroup>
</Project>