<?xml version="1.0" encoding="utf-8"?>
<Project ToolsVersion="4.0" xmlns="http://schemas.microsoft.com/developer/msbuild/2003">
  <ItemGroup>
    <Filter Include="Quelldateien">
      <UniqueIdentifier>{4FC737F1-C7A5-4376-A066-2A32D752A2FF}</UniqueIdentifier>
      <Extensions>cpp;c;cc;cxx;def;odl;idl;hpj;bat;asm;asmx</Extensions>
    </Filter>
    <Filter Include="Headerdateien">
      <UniqueIdentifier>{93995380-89BD-4b04-88EB-625FBE52EBFB}</UniqueIdentifier>
      <Extensions>h;hpp;hxx;hm;inl;inc;xsd</Extensions>
    </Filter>
    <Filter Include="Ressourcendateien">
      <UniqueIdentifier>{67DA6AB6-F800-4c08-8B7A-83BB121AAD01}</UniqueIdentifier>
      <Extensions>rc;ico;cur;bmp;dlg;rc2;rct;bin;rgs;gif;jpg;jpeg;jpe;resx;tiff;tif;png;wav;mfcribbon-ms</Extensions>
    </Filter>
  </ItemGroup>
  <ItemGroup>
    <ClCompile Include="TEST.CPP">
      <Filter>Quelldateien</Filter>
    </ClCompile>
  </ItemGroup>
  <ItemGroup>
    <ClInclude Include="Tests\CmdlineTest.h">
      <Filter>Headerdateien</Filter>
    </ClInclude>
    <ClInclude Include="Tests\ContainerTest.h">
      <Filter>Headerdateien</Filter>
    </ClInclude>
    <ClInclude Include="Tests\CppTest.h">
      <Filter>Headerdateien</Filter>
    </ClInclude>
    <ClInclude Include="Tests\FieldSetTest.h">
      <Filter>Headerdateien</Filter>
    </ClInclude>
    <ClInclude Include="Tests\StringTest.h">
      <Filter>Headerdateien</Filter>
    </ClInclude>
    <ClInclude Include="Tests\FcopyTest.h">
      <Filter>Headerdateien</Filter>
    </ClInclude>
    <ClInclude Include="Tests\DirectoryListTest.h">
      <Filter>Headerdateien</Filter>
    </ClInclude>
    <ClInclude Include="Tests\ThreadPoolTest.h">
      <Filter>Headerdateien</Filter>
    </ClInclude>
    <ClInclude Include="Tests\ConditionalTest.h">
      <Filter>Headerdateien</Filter>
    </ClInclude>
    <ClInclude Include="Tests\HttpTest.h">
      <Filter>Headerdateien</Filter>
    </ClInclude>
    <ClInclude Include="Tests\PrimeTest.h">
      <Filter>Headerdateien</Filter>
    </ClInclude>
    <ClInclude Include="Tests\BtreeTest.h">
      <Filter>Headerdateien</Filter>
    </ClInclude>
    <ClInclude Include="Tests\PerformanceTest.h">
      <Filter>Headerdateien</Filter>
    </ClInclude>
    <ClInclude Include="Tests\BlockedRingBufferTest.h">
      <Filter>Headerdateien</Filter>
    </ClInclude>
    <ClInclude Include="Tests\GraphTest.h">
      <Filter>Headerdateien</Filter>
    </ClInclude>
    <ClInclude Include="Tests\OptionalTest.h">
      <Filter>Headerdateien</Filter>
    </ClInclude>
    <ClInclude Include="Tests\PriorityQueueTest.h">
      <Filter>Headerdateien</Filter>
    </ClInclude>
    <ClInclude Include="Tests\StopWatchTest.h">
      <Filter>Headerdateien</Filter>
    </ClInclude>
    <ClInclude Include="Tests\DateTimeTest.h">
      <Filter>Headerdateien</Filter>
    </ClInclude>
    <ClInclude Include="Tests\StreamsTest.h">
      <Filter>Headerdateien</Filter>
    </ClInclude>
    <ClInclude Include="Tests\SleeperTest.h">
      <Filter>Headerdateien</Filter>
    </ClInclude>
    <ClInclude Include="Tests\GpsTest.h">
      <Filter>Headerdateien</Filter>
    </ClInclude>
    <ClInclude Include="Tests\SharedTest.h">
      <Filter>Headerdateien</Filter>
    </ClInclude>
    <ClInclude Include="Tests\PipelineTest.h">
      <Filter>Headerdateien</Filter>
    </ClInclude>
    <ClInclude Include="Tests\QuantitiesTest.h">
      <Filter>Headerdateien</Filter>
    </ClInclude>
    <ClInclude Include="Tests\MathTest.h">
      <Filter>Headerdateien</Filter>
    </ClInclude>
    <ClInclude Include="Tests\FmtNumberTest.h">
      <Filter>Headerdateien</Filter>
    </ClInclude>
    <ClInclude Include="Tests\CryptoTest.h">
      <Filter>Headerdateien</Filter>
    </ClInclude>
    <ClInclude Include="Tests\IndexerTest.h">
      <Filter>Headerdateien</Filter>
    </ClInclude>
    <ClInclude Include="Tests\MatrixTest.h">
      <Filter>Headerdateien</Filter>
    </ClInclude>
    <ClInclude Include="Tests\XmlTest.h">
      <Filter>Headerdateien</Filter>
    </ClInclude>
    <ClInclude Include="Tests\FileIDTest.h">
      <Filter>Headerdateien</Filter>
    </ClInclude>
    <ClInclude Include="Tests\SoapClientTest.h">
      <Filter>Headerdateien</Filter>
    </ClInclude>
    <ClInclude Include="Tests\DirectoryTest.h">
      <Filter>Headerdateien</Filter>
    </ClInclude>
    <ClInclude Include="Tests\AlgorithmTest.h">
      <Filter>Headerdateien</Filter>
    </ClInclude>
    <ClInclude Include="Tests\ArrayListTest.h">
      <Filter>Headerdateien</Filter>
    </ClInclude>
    <ClInclude Include="Tests\PtrArrayTest.h">
      <Filter>Headerdateien</Filter>
    </ClInclude>
    <ClInclude Include="Tests\QueueStackTest.h">
      <Filter>Headerdateien</Filter>
    </ClInclude>
    <ClInclude Include="Tests\UnicodeTest.h">
      <Filter>Headerdateien</Filter>
    </ClInclude>
    <ClInclude Include="Tests\FractionTest.h">
      <Filter>Headerdateien</Filter>
    </ClInclude>
    <ClInclude Include="Tests\BitFieldTest.h">
      <Filter>Headerdateien</Filter>
    </ClInclude>
    <ClInclude Include="Tests\EvaluatorTest.h">
      <Filter>Headerdateien</Filter>
    </ClInclude>
    <ClInclude Include="Tests\ExifTest.h">
      <Filter>Headerdateien</Filter>
    </ClInclude>
    <ClInclude Include="Tests\MapTest.h">
      <Filter>Headerdateien</Filter>
    </ClInclude>
    <ClInclude Include="Tests\PathTest.h">
      <Filter>Headerdateien</Filter>
    </ClInclude>
    <ClInclude Include="Tests\RFileTest.h">
      <Filter>Headerdateien</Filter>
    </ClInclude>
    <ClInclude Include="Tests\TypeSizeTest.h">
      <Filter>Headerdateien</Filter>
    </ClInclude>
    <ClInclude Include="Tests\IostreamTest.h">
      <Filter>Headerdateien</Filter>
    </ClInclude>
    <ClInclude Include="Tests\StringStreamTest.h">
      <Filter>Headerdateien</Filter>
    </ClInclude>
    <ClInclude Include="Tests\GeometryTest.h">
      <Filter>Headerdateien</Filter>
    </ClInclude>
    <ClInclude Include="Tests\mvv.h">
      <Filter>Headerdateien</Filter>
    </ClInclude>
    <ClInclude Include="Tests\GeoGraphTest.h">
      <Filter>Headerdateien</Filter>
    </ClInclude>
    <ClInclude Include="Tests\RoutingTest.h">
      <Filter>Headerdateien</Filter>
    </ClInclude>
    <ClInclude Include="Tests\DateTest.h">
      <Filter>Headerdateien</Filter>
    </ClInclude>
    <ClInclude Include="Tests\HostResolverTest.h">
      <Filter>Headerdateien</Filter>
    </ClInclude>
    <ClInclude Include="Tests\ConsoleTest.h">
      <Filter>Headerdateien</Filter>
    </ClInclude>
    <ClInclude Include="Tests\RingBufferTest.h">
      <Filter>Headerdateien</Filter>
    </ClInclude>
    <ClInclude Include="Tests\EtaTest.h">
      <Filter>Headerdateien</Filter>
    </ClInclude>
  </ItemGroup>
</Project>